
Microsoft Visual Studio Solution File, Format Version 12.00
# Visual Studio Version 16
VisualStudioVersion = 16.0.32228.343
MinimumVisualStudioVersion = 10.0.40219.1
Project("{FAE04EC0-301F-11D3-BF4B-00C04F79EFBC}") = "Hepsiburada.Api", "Hepsiburada.Api\Hepsiburada.Api.csproj", "{C5090A42-4110-420F-BB2E-6022C78613F4}"
EndProject
Project("{FAE04EC0-301F-11D3-BF4B-00C04F79EFBC}") = "Hepsiburada.Entities", "..\Hepsiburada.Entities\Hepsiburada.Entities.csproj", "{47F23C9E-33FC-490B-8CF8-AB250544F460}"
EndProject
Project("{FAE04EC0-301F-11D3-BF4B-00C04F79EFBC}") = "Hepsiburada.DataAccess", "..\Hepsiburada.DataAccess\Hepsiburada.DataAccess.csproj", "{EA2EDA68-B0FD-4C7E-AE08-FD81AA7CB4C2}"
EndProject
Project("{FAE04EC0-301F-11D3-BF4B-00C04F79EFBC}") = "Hepsiburada.Common", "Hepsiburada.Common\Hepsiburada.Common.csproj", "{7EF99E4D-740D-4B96-9603-58DC8D090A0B}"
EndProject
Project("{FAE04EC0-301F-11D3-BF4B-00C04F79EFBC}") = "Hepsiburada.Business", "..\Hepsiburada.Business\Hepsiburada.Business.csproj", "{39272554-BD6B-42E9-BAAD-CAD62D2418D7}"
EndProject
Global
	GlobalSection(SolutionConfigurationPlatforms) = preSolution
		Debug|Any CPU = Debug|Any CPU
		Release|Any CPU = Release|Any CPU
	EndGlobalSection
	GlobalSection(ProjectConfigurationPlatforms) = postSolution
		{C5090A42-4110-420F-BB2E-6022C78613F4}.Debug|Any CPU.ActiveCfg = Debug|Any CPU
		{C5090A42-4110-420F-BB2E-6022C78613F4}.Debug|Any CPU.Build.0 = Debug|Any CPU
		{C5090A42-4110-420F-BB2E-6022C78613F4}.Release|Any CPU.ActiveCfg = Release|Any CPU
		{C5090A42-4110-420F-BB2E-6022C78613F4}.Release|Any CPU.Build.0 = Release|Any CPU
		{47F23C9E-33FC-490B-8CF8-AB250544F460}.Debug|Any CPU.ActiveCfg = Debug|Any CPU
		{47F23C9E-33FC-490B-8CF8-AB250544F460}.Debug|Any CPU.Build.0 = Debug|Any CPU
		{47F23C9E-33FC-490B-8CF8-AB250544F460}.Release|Any CPU.ActiveCfg = Release|Any CPU
		{47F23C9E-33FC-490B-8CF8-AB250544F460}.Release|Any CPU.Build.0 = Release|Any CPU
		{EA2EDA68-B0FD-4C7E-AE08-FD81AA7CB4C2}.Debug|Any CPU.ActiveCfg = Debug|Any CPU
		{EA2EDA68-B0FD-4C7E-AE08-FD81AA7CB4C2}.Debug|Any CPU.Build.0 = Debug|Any CPU
		{EA2EDA68-B0FD-4C7E-AE08-FD81AA7CB4C2}.Release|Any CPU.ActiveCfg = Release|Any CPU
		{EA2EDA68-B0FD-4C7E-AE08-FD81AA7CB4C2}.Release|Any CPU.Build.0 = Release|Any CPU
		{7EF99E4D-740D-4B96-9603-58DC8D090A0B}.Debug|Any CPU.ActiveCfg = Debug|Any CPU
		{7EF99E4D-740D-4B96-9603-58DC8D090A0B}.Debug|Any CPU.Build.0 = Debug|Any CPU
		{7EF99E4D-740D-4B96-9603-58DC8D090A0B}.Release|Any CPU.ActiveCfg = Release|Any CPU
		{7EF99E4D-740D-4B96-9603-58DC8D090A0B}.Release|Any CPU.Build.0 = Release|Any CPU
		{39272554-BD6B-42E9-BAAD-CAD62D2418D7}.Debug|Any CPU.ActiveCfg = Debug|Any CPU
		{39272554-BD6B-42E9-BAAD-CAD62D2418D7}.Debug|Any CPU.Build.0 = Debug|Any CPU
		{39272554-BD6B-42E9-BAAD-CAD62D2418D7}.Release|Any CPU.ActiveCfg = Release|Any CPU
		{39272554-BD6B-42E9-BAAD-CAD62D2418D7}.Release|Any CPU.Build.0 = Release|Any CPU
	EndGlobalSection
	GlobalSection(SolutionProperties) = preSolution
		HideSolutionNode = FALSE
	EndGlobalSection
	GlobalSection(ExtensibilityGlobals) = postSolution
		SolutionGuid = {FB0A025B-68C7-4162-9A48-FB70BED33C4F}
	EndGlobalSection
EndGlobal
